// !$*UTF8*$!
{
	archiveVersion = 1;
	classes = {
	};
	objectVersion = 55;
	objects = {

/* Begin PBXBuildFile section */
		659519C127B34B04005351D3 /* main.cpp in Sources */ = {isa = PBXBuildFile; fileRef = 659519C027B34B04005351D3 /* main.cpp */; };
		C034419F27B8A32D00AEE847 /* inFile.txt in CopyFiles */ = {isa = PBXBuildFile; fileRef = C034419E27B8A32D00AEE847 /* inFile.txt */; };
		C03441A127B8A3AE00AEE847 /* o1 in CopyFiles */ = {isa = PBXBuildFile; fileRef = C03441A027B8A3AE00AEE847 /* o1 */; };
		C03441A327B8A3C400AEE847 /* o2 in CopyFiles */ = {isa = PBXBuildFile; fileRef = C03441A227B8A3C400AEE847 /* o2 */; };
		C03441A527B8A3CE00AEE847 /* o3 in CopyFiles */ = {isa = PBXBuildFile; fileRef = C03441A427B8A3CE00AEE847 /* o3 */; };
/* End PBXBuildFile section */

/* Begin PBXCopyFilesBuildPhase section */
		659519BB27B34B04005351D3 /* CopyFiles */ = {
			isa = PBXCopyFilesBuildPhase;
			buildActionMask = 2147483647;
			dstPath = /usr/share/man/man1/;
			dstSubfolderSpec = 0;
			files = (
			);
			runOnlyForDeploymentPostprocessing = 1;
		};
		C034419C27B8A26100AEE847 /* CopyFiles */ = {
			isa = PBXCopyFilesBuildPhase;
			buildActionMask = 2147483647;
			dstPath = "";
			dstSubfolderSpec = 7;
			files = (
				C03441A527B8A3CE00AEE847 /* o3 in CopyFiles */,
				C03441A327B8A3C400AEE847 /* o2 in CopyFiles */,
				C03441A127B8A3AE00AEE847 /* o1 in CopyFiles */,
				C034419F27B8A32D00AEE847 /* inFile.txt in CopyFiles */,
			);
			runOnlyForDeploymentPostprocessing = 0;
		};
/* End PBXCopyFilesBuildPhase section */

/* Begin PBXFileReference section */
		659519BD27B34B04005351D3 /* CS320_Project1 */ = {isa = PBXFileReference; explicitFileType = "compiled.mach-o.executable"; includeInIndex = 0; path = CS320_Project1; sourceTree = BUILT_PRODUCTS_DIR; };
		659519C027B34B04005351D3 /* main.cpp */ = {isa = PBXFileReference; lastKnownFileType = sourcecode.cpp.cpp; path = main.cpp; sourceTree = "<group>"; };
		C034419E27B8A32D00AEE847 /* inFile.txt */ = {isa = PBXFileReference; lastKnownFileType = text; name = inFile.txt; path = CS320_Project1/inFile.txt; sourceTree = "<group>"; };
		C03441A027B8A3AE00AEE847 /* o1 */ = {isa = PBXFileReference; lastKnownFileType = text; name = o1; path = CS320_Project1/o1; sourceTree = "<group>"; };
		C03441A227B8A3C400AEE847 /* o2 */ = {isa = PBXFileReference; lastKnownFileType = text; name = o2; path = CS320_Project1/o2; sourceTree = "<group>"; };
		C03441A427B8A3CE00AEE847 /* o3 */ = {isa = PBXFileReference; lastKnownFileType = text; name = o3; path = CS320_Project1/o3; sourceTree = "<group>"; };
/* End PBXFileReference section */

/* Begin PBXFrameworksBuildPhase section */
		659519BA27B34B04005351D3 /* Frameworks */ = {
			isa = PBXFrameworksBuildPhase;
			buildActionMask = 2147483647;
			files = (
			);
			runOnlyForDeploymentPostprocessing = 0;
		};
/* End PBXFrameworksBuildPhase section */

/* Begin PBXGroup section */
		659519B427B34B04005351D3 = {
			isa = PBXGroup;
			children = (
				C03441A427B8A3CE00AEE847 /* o3 */,
				C03441A227B8A3C400AEE847 /* o2 */,
				C03441A027B8A3AE00AEE847 /* o1 */,
				C034419E27B8A32D00AEE847 /* inFile.txt */,
				659519BF27B34B04005351D3 /* CS320_Project1 */,
				659519BE27B34B04005351D3 /* Products */,
			);
			sourceTree = "<group>";
		};
		659519BE27B34B04005351D3 /* Products */ = {
			isa = PBXGroup;
			children = (
				659519BD27B34B04005351D3 /* CS320_Project1 */,
			);
			name = Products;
			sourceTree = "<group>";
		};
		659519BF27B34B04005351D3 /* CS320_Project1 */ = {
			isa = PBXGroup;
			children = (
				659519C027B34B04005351D3 /* main.cpp */,
			);
			path = CS320_Project1;
			sourceTree = "<group>";
		};
/* End PBXGroup section */

/* Begin PBXNativeTarget section */
		659519BC27B34B04005351D3 /* CS320_Project1 */ = {
			isa = PBXNativeTarget;
			buildConfigurationList = 659519C427B34B04005351D3 /* Build configuration list for PBXNativeTarget "CS320_Project1" */;
			buildPhases = (
				659519B927B34B04005351D3 /* Sources */,
				659519BA27B34B04005351D3 /* Frameworks */,
				659519BB27B34B04005351D3 /* CopyFiles */,
				C034419C27B8A26100AEE847 /* CopyFiles */,
			);
			buildRules = (
			);
			dependencies = (
			);
			name = CS320_Project1;
			productName = CS320_Project1;
			productReference = 659519BD27B34B04005351D3 /* CS320_Project1 */;
			productType = "com.apple.product-type.tool";
		};
/* End PBXNativeTarget section */

/* Begin PBXProject section */
		659519B527B34B04005351D3 /* Project object */ = {
			isa = PBXProject;
			attributes = {
				BuildIndependentTargetsInParallel = 1;
				LastUpgradeCheck = 1320;
				TargetAttributes = {
					659519BC27B34B04005351D3 = {
						CreatedOnToolsVersion = 13.2.1;
					};
				};
			};
			buildConfigurationList = 659519B827B34B04005351D3 /* Build configuration list for PBXProject "CS320_Project1" */;
			compatibilityVersion = "Xcode 13.0";
			developmentRegion = en;
			hasScannedForEncodings = 0;
			knownRegions = (
				en,
				Base,
			);
			mainGroup = 659519B427B34B04005351D3;
			productRefGroup = 659519BE27B34B04005351D3 /* Products */;
			projectDirPath = "";
			projectRoot = "";
			targets = (
				659519BC27B34B04005351D3 /* CS320_Project1 */,
			);
		};
/* End PBXProject section */

/* Begin PBXSourcesBuildPhase section */
		659519B927B34B04005351D3 /* Sources */ = {
			isa = PBXSourcesBuildPhase;
			buildActionMask = 2147483647;
			files = (
				659519C127B34B04005351D3 /* main.cpp in Sources */,
			);
			runOnlyForDeploymentPostprocessing = 0;
		};
/* End PBXSourcesBuildPhase section */

/* Begin XCBuildConfiguration section */
		659519C227B34B04005351D3 /* Debug */ = {
			isa = XCBuildConfiguration;
			buildSettings = {
				ALWAYS_SEARCH_USER_PATHS = NO;
				CLANG_ANALYZER_NONNULL = YES;
				CLANG_ANALYZER_NUMBER_OBJECT_CONVERSION = YES_AGGRESSIVE;
				CLANG_CXX_LANGUAGE_STANDARD = "c++0x";
				CLANG_CXX_LIBRARY = "libc++";
				CLANG_ENABLE_MODULES = YES;
				CLANG_ENABLE_OBJC_ARC = YES;
				CLANG_ENABLE_OBJC_WEAK = YES;
				CLANG_WARN_BLOCK_CAPTURE_AUTORELEASING = YES;
				CLANG_WARN_BOOL_CONVERSION = YES;
				CLANG_WARN_COMMA = YES;
				CLANG_WARN_CONSTANT_CONVERSION = YES;
				CLANG_WARN_DEPRECATED_OBJC_IMPLEMENTATIONS = YES;
				CLANG_WARN_DIRECT_OBJC_ISA_USAGE = YES_ERROR;
				CLANG_WARN_DOCUMENTATION_COMMENTS = YES;
				CLANG_WARN_EMPTY_BODY = YES;
				CLANG_WARN_ENUM_CONVERSION = YES;
				CLANG_WARN_INFINITE_RECURSION = YES;
				CLANG_WARN_INT_CONVERSION = YES;
				CLANG_WARN_NON_LITERAL_NULL_CONVERSION = YES;
				CLANG_WARN_OBJC_IMPLICIT_RETAIN_SELF = YES;
				CLANG_WARN_OBJC_LITERAL_CONVERSION = YES;
				CLANG_WARN_OBJC_ROOT_CLASS = YES_ERROR;
				CLANG_WARN_QUOTED_INCLUDE_IN_FRAMEWORK_HEADER = YES;
				CLANG_WARN_RANGE_LOOP_ANALYSIS = YES;
				CLANG_WARN_STRICT_PROTOTYPES = YES;
				CLANG_WARN_SUSPICIOUS_MOVE = YES;
				CLANG_WARN_UNGUARDED_AVAILABILITY = YES_AGGRESSIVE;
				CLANG_WARN_UNREACHABLE_CODE = YES;
				CLANG_WARN__DUPLICATE_METHOD_MATCH = YES;
				COPY_PHASE_STRIP = NO;
				DEBUG_INFORMATION_FORMAT = dwarf;
				ENABLE_STRICT_OBJC_MSGSEND = YES;
				ENABLE_TESTABILITY = YES;
				GCC_C_LANGUAGE_STANDARD = c11;
				GCC_DYNAMIC_NO_PIC = NO;
				GCC_NO_COMMON_BLOCKS = YES;
				GCC_OPTIMIZATION_LEVEL = 0;
				GCC_PREPROCESSOR_DEFINITIONS = (
					"DEBUG=1",
					"$(inherited)",
				);
				GCC_WARN_64_TO_32_BIT_CONVERSION = YES;
				GCC_WARN_ABOUT_RETURN_TYPE = YES_ERROR;
				GCC_WARN_UNDECLARED_SELECTOR = YES;
				GCC_WARN_UNINITIALIZED_AUTOS = YES_AGGRESSIVE;
				GCC_WARN_UNUSED_FUNCTION = YES;
				GCC_WARN_UNUSED_VARIABLE = YES;
				MACOSX_DEPLOYMENT_TARGET = 11.6;
				MTL_ENABLE_DEBUG_INFO = INCLUDE_SOURCE;
				MTL_FAST_MATH = YES;
				ONLY_ACTIVE_ARCH = YES;
				SDKROOT = macosx;
			};
			name = Debug;
		};
		659519C327B34B04005351D3 /* Release */ = {
			isa = XCBuildConfiguration;
			buildSettings = {
				ALWAYS_SEARCH_USER_PATHS = NO;
				CLANG_ANALYZER_NONNULL = YES;
				CLANG_ANALYZER_NUMBER_OBJECT_CONVERSION = YES_AGGRESSIVE;
				CLANG_CXX_LANGUAGE_STANDARD = "c++0x";
				CLANG_CXX_LIBRARY = "libc++";
				CLANG_ENABLE_MODULES = YES;
				CLANG_ENABLE_OBJC_ARC = YES;
				CLANG_ENABLE_OBJC_WEAK = YES;
				CLANG_WARN_BLOCK_CAPTURE_AUTORELEASING = YES;
				CLANG_WARN_BOOL_CONVERSION = YES;
				CLANG_WARN_COMMA = YES;
				CLANG_WARN_CONSTANT_CONVERSION = YES;
				CLANG_WARN_DEPRECATED_OBJC_IMPLEMENTATIONS = YES;
				CLANG_WARN_DIRECT_OBJC_ISA_USAGE = YES_ERROR;
				CLANG_WARN_DOCUMENTATION_COMMENTS = YES;
				CLANG_WARN_EMPTY_BODY = YES;
				CLANG_WARN_ENUM_CONVERSION = YES;
				CLANG_WARN_INFINITE_RECURSION = YES;
				CLANG_WARN_INT_CONVERSION = YES;
				CLANG_WARN_NON_LITERAL_NULL_CONVERSION = YES;
				CLANG_WARN_OBJC_IMPLICIT_RETAIN_SELF = YES;
				CLANG_WARN_OBJC_LITERAL_CONVERSION = YES;
				CLANG_WARN_OBJC_ROOT_CLASS = YES_ERROR;
				CLANG_WARN_QUOTED_INCLUDE_IN_FRAMEWORK_HEADER = YES;
				CLANG_WARN_RANGE_LOOP_ANALYSIS = YES;
				CLANG_WARN_STRICT_PROTOTYPES = YES;
				CLANG_WARN_SUSPICIOUS_MOVE = YES;
				CLANG_WARN_UNGUARDED_AVAILABILITY = YES_AGGRESSIVE;
				CLANG_WARN_UNREACHABLE_CODE = YES;
				CLANG_WARN__DUPLICATE_METHOD_MATCH = YES;
				COPY_PHASE_STRIP = NO;
				DEBUG_INFORMATION_FORMAT = "dwarf-with-dsym";
				ENABLE_NS_ASSERTIONS = NO;
				ENABLE_STRICT_OBJC_MSGSEND = YES;
				GCC_C_LANGUAGE_STANDARD = c11;
				GCC_NO_COMMON_BLOCKS = YES;
				GCC_WARN_64_TO_32_BIT_CONVERSION = YES;
				GCC_WARN_ABOUT_RETURN_TYPE = YES_ERROR;
				GCC_WARN_UNDECLARED_SELECTOR = YES;
				GCC_WARN_UNINITIALIZED_AUTOS = YES_AGGRESSIVE;
				GCC_WARN_UNUSED_FUNCTION = YES;
				GCC_WARN_UNUSED_VARIABLE = YES;
				MACOSX_DEPLOYMENT_TARGET = 11.6;
				MTL_ENABLE_DEBUG_INFO = NO;
				MTL_FAST_MATH = YES;
				SDKROOT = macosx;
			};
			name = Release;
		};
		659519C527B34B04005351D3 /* Debug */ = {
			isa = XCBuildConfiguration;
			buildSettings = {
				CODE_SIGN_STYLE = Automatic;
				PRODUCT_NAME = "$(TARGET_NAME)";
			};
			name = Debug;
		};
		659519C627B34B04005351D3 /* Release */ = {
			isa = XCBuildConfiguration;
			buildSettings = {
				CODE_SIGN_STYLE = Automatic;
				PRODUCT_NAME = "$(TARGET_NAME)";
			};
			name = Release;
		};
/* End XCBuildConfiguration section */

/* Begin XCConfigurationList section */
		659519B827B34B04005351D3 /* Build configuration list for PBXProject "CS320_Project1" */ = {
			isa = XCConfigurationList;
			buildConfigurations = (
				659519C227B34B04005351D3 /* Debug */,
				659519C327B34B04005351D3 /* Release */,
			);
			defaultConfigurationIsVisible = 0;
			defaultConfigurationName = Release;
		};
		659519C427B34B04005351D3 /* Build configuration list for PBXNativeTarget "CS320_Project1" */ = {
			isa = XCConfigurationList;
			buildConfigurations = (
				659519C527B34B04005351D3 /* Debug */,
				659519C627B34B04005351D3 /* Release */,
			);
			defaultConfigurationIsVisible = 0;
			defaultConfigurationName = Release;
		};
/* End XCConfigurationList section */
	};
	rootObject = 659519B527B34B04005351D3 /* Project object */;
}
